// !$*UTF8*$!
{
	archiveVersion = 1;
	classes = {
	};
	objectVersion = 77;
	objects = {

/* Begin PBXContainerItemProxy section */
		C12EDDD92ECCC76000996F9F /* PBXContainerItemProxy */ = {
			isa = PBXContainerItemProxy;
			containerPortal = C12EDDBC2ECCC75D00996F9F /* Project object */;
			proxyType = 1;
			remoteGlobalIDString = C12EDDC32ECCC75D00996F9F;
			remoteInfo = kull;
		};
		C12EDDE32ECCC76000996F9F /* PBXContainerItemProxy */ = {
			isa = PBXContainerItemProxy;
			containerPortal = C12EDDBC2ECCC75D00996F9F /* Project object */;
			proxyType = 1;
			remoteGlobalIDString = C12EDDC32ECCC75D00996F9F;
			remoteInfo = kull;
		};
/* End PBXContainerItemProxy section */

/* Begin PBXFileReference section */
		C12EDDC42ECCC75D00996F9F /* kull.app */ = {isa = PBXFileReference; explicitFileType = wrapper.application; includeInIndex = 0; path = kull.app; sourceTree = BUILT_PRODUCTS_DIR; };
		C12EDDD82ECCC76000996F9F /* kullTests.xctest */ = {isa = PBXFileReference; explicitFileType = wrapper.cfbundle; includeInIndex = 0; path = kullTests.xctest; sourceTree = BUILT_PRODUCTS_DIR; };
		C12EDDE22ECCC76000996F9F /* kullUITests.xctest */ = {isa = PBXFileReference; explicitFileType = wrapper.cfbundle; includeInIndex = 0; path = kullUITests.xctest; sourceTree = BUILT_PRODUCTS_DIR; };
/* End PBXFileReference section */

/* Begin PBXFileSystemSynchronizedBuildFileExceptionSet section */
		C12EDDEA2ECCC76000996F9F /* Exceptions for "kull" folder in "kull" target */ = {
			isa = PBXFileSystemSynchronizedBuildFileExceptionSet;
			membershipExceptions = (
				Info.plist,
			);
			target = C12EDDC32ECCC75D00996F9F /* kull */;
		};
/* End PBXFileSystemSynchronizedBuildFileExceptionSet section */

/* Begin PBXFileSystemSynchronizedRootGroup section */
		C12EDDC62ECCC75D00996F9F /* kull */ = {
			isa = PBXFileSystemSynchronizedRootGroup;
			exceptions = (
				C12EDDEA2ECCC76000996F9F /* Exceptions for "kull" folder in "kull" target */,
			);
			path = kull;
			sourceTree = "<group>";
		};
		C12EDDDB2ECCC76000996F9F /* kullTests */ = {
			isa = PBXFileSystemSynchronizedRootGroup;
			path = kullTests;
			sourceTree = "<group>";
		};
		C12EDDE52ECCC76000996F9F /* kullUITests */ = {
			isa = PBXFileSystemSynchronizedRootGroup;
			path = kullUITests;
			sourceTree = "<group>";
		};
/* End PBXFileSystemSynchronizedRootGroup section */

/* Begin PBXFrameworksBuildPhase section */
		C12EDDC12ECCC75D00996F9F /* Frameworks */ = {
			isa = PBXFrameworksBuildPhase;
			buildActionMask = 2147483647;
			files = (
			);
			runOnlyForDeploymentPostprocessing = 0;
		};
		C12EDDD52ECCC76000996F9F /* Frameworks */ = {
			isa = PBXFrameworksBuildPhase;
			buildActionMask = 2147483647;
			files = (
			);
			runOnlyForDeploymentPostprocessing = 0;
		};
		C12EDDDF2ECCC76000996F9F /* Frameworks */ = {
			isa = PBXFrameworksBuildPhase;
			buildActionMask = 2147483647;
			files = (
			);
			runOnlyForDeploymentPostprocessing = 0;
		};
/* End PBXFrameworksBuildPhase section */

/* Begin PBXGroup section */
		C12EDDBB2ECCC75D00996F9F = {
			isa = PBXGroup;
			children = (
				C12EDDC62ECCC75D00996F9F /* kull */,
				C12EDDDB2ECCC76000996F9F /* kullTests */,
				C12EDDE52ECCC76000996F9F /* kullUITests */,
				C12EDDC52ECCC75D00996F9F /* Products */,
			);
			sourceTree = "<group>";
		};
		C12EDDC52ECCC75D00996F9F /* Products */ = {
			isa = PBXGroup;
			children = (
				C12EDDC42ECCC75D00996F9F /* kull.app */,
				C12EDDD82ECCC76000996F9F /* kullTests.xctest */,
				C12EDDE22ECCC76000996F9F /* kullUITests.xctest */,
			);
			name = Products;
			sourceTree = "<group>";
		};
/* End PBXGroup section */

/* Begin PBXNativeTarget section */
		C12EDDC32ECCC75D00996F9F /* kull */ = {
			isa = PBXNativeTarget;
			buildConfigurationList = C12EDDEB2ECCC76000996F9F /* Build configuration list for PBXNativeTarget "kull" */;
			buildPhases = (
				C12EDDC02ECCC75D00996F9F /* Sources */,
				C12EDDC12ECCC75D00996F9F /* Frameworks */,
				C12EDDC22ECCC75D00996F9F /* Resources */,
			);
			buildRules = (
			);
			dependencies = (
			);
			fileSystemSynchronizedGroups = (
				C12EDDC62ECCC75D00996F9F /* kull */,
			);
			name = kull;
			packageProductDependencies = (
			);
			productName = kull;
			productReference = C12EDDC42ECCC75D00996F9F /* kull.app */;
			productType = "com.apple.product-type.application";
		};
		C12EDDD72ECCC76000996F9F /* kullTests */ = {
			isa = PBXNativeTarget;
			buildConfigurationList = C12EDDF02ECCC76000996F9F /* Build configuration list for PBXNativeTarget "kullTests" */;
			buildPhases = (
				C12EDDD42ECCC76000996F9F /* Sources */,
				C12EDDD52ECCC76000996F9F /* Frameworks */,
				C12EDDD62ECCC76000996F9F /* Resources */,
			);
			buildRules = (
			);
			dependencies = (
				C12EDDDA2ECCC76000996F9F /* PBXTargetDependency */,
			);
			fileSystemSynchronizedGroups = (
				C12EDDDB2ECCC76000996F9F /* kullTests */,
			);
			name = kullTests;
			packageProductDependencies = (
			);
			productName = kullTests;
			productReference = C12EDDD82ECCC76000996F9F /* kullTests.xctest */;
			productType = "com.apple.product-type.bundle.unit-test";
		};
		C12EDDE12ECCC76000996F9F /* kullUITests */ = {
			isa = PBXNativeTarget;
			buildConfigurationList = C12EDDF32ECCC76000996F9F /* Build configuration list for PBXNativeTarget "kullUITests" */;
			buildPhases = (
				C12EDDDE2ECCC76000996F9F /* Sources */,
				C12EDDDF2ECCC76000996F9F /* Frameworks */,
				C12EDDE02ECCC76000996F9F /* Resources */,
			);
			buildRules = (
			);
			dependencies = (
				C12EDDE42ECCC76000996F9F /* PBXTargetDependency */,
			);
			fileSystemSynchronizedGroups = (
				C12EDDE52ECCC76000996F9F /* kullUITests */,
			);
			name = kullUITests;
			packageProductDependencies = (
			);
			productName = kullUITests;
			productReference = C12EDDE22ECCC76000996F9F /* kullUITests.xctest */;
			productType = "com.apple.product-type.bundle.ui-testing";
		};
/* End PBXNativeTarget section */

/* Begin PBXProject section */
		C12EDDBC2ECCC75D00996F9F /* Project object */ = {
			isa = PBXProject;
			attributes = {
				BuildIndependentTargetsInParallel = 1;
				LastSwiftUpdateCheck = 2600;
				LastUpgradeCheck = 2600;
				TargetAttributes = {
					C12EDDC32ECCC75D00996F9F = {
						CreatedOnToolsVersion = 26.0;
					};
					C12EDDD72ECCC76000996F9F = {
						CreatedOnToolsVersion = 26.0;
						TestTargetID = C12EDDC32ECCC75D00996F9F;
					};
					C12EDDE12ECCC76000996F9F = {
						CreatedOnToolsVersion = 26.0;
						TestTargetID = C12EDDC32ECCC75D00996F9F;
					};
				};
			};
			buildConfigurationList = C12EDDBF2ECCC75D00996F9F /* Build configuration list for PBXProject "kull" */;
			developmentRegion = en;
			hasScannedForEncodings = 0;
			knownRegions = (
				en,
				Base,
			);
			mainGroup = C12EDDBB2ECCC75D00996F9F;
			minimizedProjectReferenceProxies = 1;
			preferredProjectObjectVersion = 77;
			productRefGroup = C12EDDC52ECCC75D00996F9F /* Products */;
			projectDirPath = "";
			projectRoot = "";
			targets = (
				C12EDDC32ECCC75D00996F9F /* kull */,
				C12EDDD72ECCC76000996F9F /* kullTests */,
				C12EDDE12ECCC76000996F9F /* kullUITests */,
			);
		};
/* End PBXProject section */

/* Begin PBXResourcesBuildPhase section */
		C12EDDC22ECCC75D00996F9F /* Resources */ = {
			isa = PBXResourcesBuildPhase;
			buildActionMask = 2147483647;
			files = (
			);
			runOnlyForDeploymentPostprocessing = 0;
		};
		C12EDDD62ECCC76000996F9F /* Resources */ = {
			isa = PBXResourcesBuildPhase;
			buildActionMask = 2147483647;
			files = (
			);
			runOnlyForDeploymentPostprocessing = 0;
		};
		C12EDDE02ECCC76000996F9F /* Resources */ = {
			isa = PBXResourcesBuildPhase;
			buildActionMask = 2147483647;
			files = (
			);
			runOnlyForDeploymentPostprocessing = 0;
		};
/* End PBXResourcesBuildPhase section */

/* Begin PBXSourcesBuildPhase section */
		C12EDDC02ECCC75D00996F9F /* Sources */ = {
			isa = PBXSourcesBuildPhase;
			buildActionMask = 2147483647;
			files = (
			);
			runOnlyForDeploymentPostprocessing = 0;
		};
		C12EDDD42ECCC76000996F9F /* Sources */ = {
			isa = PBXSourcesBuildPhase;
			buildActionMask = 2147483647;
			files = (
			);
			runOnlyForDeploymentPostprocessing = 0;
		};
		C12EDDDE2ECCC76000996F9F /* Sources */ = {
			isa = PBXSourcesBuildPhase;
			buildActionMask = 2147483647;
			files = (
			);
			runOnlyForDeploymentPostprocessing = 0;
		};
/* End PBXSourcesBuildPhase section */

/* Begin PBXTargetDependency section */
		C12EDDDA2ECCC76000996F9F /* PBXTargetDependency */ = {
			isa = PBXTargetDependency;
			target = C12EDDC32ECCC75D00996F9F /* kull */;
			targetProxy = C12EDDD92ECCC76000996F9F /* PBXContainerItemProxy */;
		};
		C12EDDE42ECCC76000996F9F /* PBXTargetDependency */ = {
			isa = PBXTargetDependency;
			target = C12EDDC32ECCC75D00996F9F /* kull */;
			targetProxy = C12EDDE32ECCC76000996F9F /* PBXContainerItemProxy */;
		};
/* End PBXTargetDependency section */

/* Begin XCBuildConfiguration section */
		C12EDDEC2ECCC76000996F9F /* Debug */ = {
			isa = XCBuildConfiguration;
			buildSettings = {
				ASSETCATALOG_COMPILER_APPICON_NAME = AppIcon;
				ASSETCATALOG_COMPILER_GLOBAL_ACCENT_COLOR_NAME = AccentColor;
				CODE_SIGN_ENTITLEMENTS = kull/kull-debug.entitlements;
				CODE_SIGN_STYLE = Automatic;
				CURRENT_PROJECT_VERSION = 2115;
				DEVELOPMENT_TEAM = 283HJ7VJR4;
				ENABLE_HARDENED_RUNTIME = YES;
				ENABLE_PREVIEWS = YES;
				GENERATE_INFOPLIST_FILE = YES;
				INFOPLIST_FILE = kull/Info.plist;
				INFOPLIST_KEY_LSApplicationCategoryType = "public.app-category.photography";
				INFOPLIST_KEY_UIApplicationSceneManifest_Generation = YES;
				INFOPLIST_KEY_UIApplicationSupportsIndirectInputEvents = YES;
				INFOPLIST_KEY_UILaunchScreen_Generation = YES;
				INFOPLIST_KEY_UISupportedInterfaceOrientations_iPad = "UIInterfaceOrientationPortrait UIInterfaceOrientationPortraitUpsideDown UIInterfaceOrientationLandscaleLeft UIInterfaceOrientationLandscapeRight";
				INFOPLIST_KEY_UISupportedInterfaceOrientations_iPhone = "UIInterfaceOrientationPortrait UIInterfaceOrientationLandscapeLeft UIInterfaceOrientationLandscapeRight";
				LD_RUNPATH_SEARCH_PATHS = (
					"$(inherited)",
					"@executable_path/Frameworks",
				);
				MARKETING_VERSION = 2025.11.27;
				PRODUCT_BUNDLE_IDENTIFIER = media.lander.kull;
				PRODUCT_NAME = "$(TARGET_NAME)";
				STRING_CATALOG_GENERATE_SYMBOLS = YES;
				SUPPORTED_PLATFORMS = "iphoneos iphonesimulator macosx";
				SUPPORTS_MACCATALYST = NO;
				SWIFT_APPROACHABLE_CONCURRENCY = YES;
				SWIFT_DEFAULT_ACTOR_ISOLATION = MainActor;
				SWIFT_EMIT_LOC_STRINGS = YES;
				SWIFT_UPCOMING_FEATURE_MEMBER_IMPORT_VISIBILITY = YES;
				SWIFT_VERSION = 5.0;
				TARGETED_DEVICE_FAMILY = "1,2,6";
			};
			name = Debug;
		};
		C12EDDED2ECCC76000996F9F /* Release */ = {
			isa = XCBuildConfiguration;
			buildSettings = {
				ASSETCATALOG_COMPILER_APPICON_NAME = AppIcon;
				ASSETCATALOG_COMPILER_GLOBAL_ACCENT_COLOR_NAME = AccentColor;
				CODE_SIGN_ENTITLEMENTS = kull/kull.entitlements;
				CODE_SIGN_STYLE = Automatic;
				CURRENT_PROJECT_VERSION = 2115;
				DEVELOPMENT_TEAM = 283HJ7VJR4;
				ENABLE_HARDENED_RUNTIME = YES;
				ENABLE_PREVIEWS = YES;
				GENERATE_INFOPLIST_FILE = YES;
				INFOPLIST_FILE = kull/Info.plist;
				INFOPLIST_KEY_LSApplicationCategoryType = "public.app-category.photography";
				INFOPLIST_KEY_UIApplicationSceneManifest_Generation = YES;
				INFOPLIST_KEY_UIApplicationSupportsIndirectInputEvents = YES;
				INFOPLIST_KEY_UILaunchScreen_Generation = YES;
				INFOPLIST_KEY_UISupportedInterfaceOrientations_iPad = "UIInterfaceOrientationPortrait UIInterfaceOrientationPortraitUpsideDown UIInterfaceOrientationLandscapeLeft UIInterfaceOrientationLandscapeRight";
				INFOPLIST_KEY_UISupportedInterfaceOrientations_iPhone = "UIInterfaceOrientationPortrait UIInterfaceOrientationLandscapeLeft UIInterfaceOrientationLandscapeRight";
				LD_RUNPATH_SEARCH_PATHS = (
					"$(inherited)",
					"@executable_path/Frameworks",
				);
				MARKETING_VERSION = 2025.11.27;
				PRODUCT_BUNDLE_IDENTIFIER = media.lander.kull;
				PRODUCT_NAME = "$(TARGET_NAME)";
				STRING_CATALOG_GENERATE_SYMBOLS = YES;
				SUPPORTED_PLATFORMS = "iphoneos iphonesimulator macosx";
				SUPPORTS_MACCATALYST = NO;
				SWIFT_APPROACHABLE_CONCURRENCY = YES;
				SWIFT_DEFAULT_ACTOR_ISOLATION = MainActor;
				SWIFT_EMIT_LOC_STRINGS = YES;
				SWIFT_UPCOMING_FEATURE_MEMBER_IMPORT_VISIBILITY = YES;
				SWIFT_VERSION = 5.0;
				TARGETED_DEVICE_FAMILY = "1,2,6";
			};
			name = Release;
		};
		C12EDDEE2ECCC76000996F9F /* Debug */ = {
			isa = XCBuildConfiguration;
			buildSettings = {
				ALWAYS_SEARCH_USER_PATHS = NO;
				ASSETCATALOG_COMPILER_GENERATE_SWIFT_ASSET_SYMBOL_EXTENSIONS = YES;
				CLANG_ANALYZER_NONNULL = YES;
				CLANG_ANALYZER_NUMBER_OBJECT_CONVERSION = YES_AGGRESSIVE;
				CLANG_CXX_LANGUAGE_STANDARD = "gnu++20";
				CLANG_ENABLE_MODULES = YES;
				CLANG_ENABLE_OBJC_ARC = YES;
				CLANG_ENABLE_OBJC_WEAK = YES;
				CLANG_WARN_BLOCK_CAPTURE_AUTORELEASING = YES;
				CLANG_WARN_BOOL_CONVERSION = YES;
				CLANG_WARN_COMMA = YES;
				CLANG_WARN_CONSTANT_CONVERSION = YES;
				CLANG_WARN_DEPRECATED_OBJC_IMPLEMENTATIONS = YES;
				CLANG_WARN_DIRECT_OBJC_ISA_USAGE = YES_ERROR;
				CLANG_WARN_DOCUMENTATION_COMMENTS = YES;
				CLANG_WARN_EMPTY_BODY = YES;
				CLANG_WARN_ENUM_CONVERSION = YES;
				CLANG_WARN_INFINITE_RECURSION = YES;
				CLANG_WARN_INT_CONVERSION = YES;
				CLANG_WARN_NON_LITERAL_NULL_CONVERSION = YES;
				CLANG_WARN_OBJC_IMPLICIT_RETAIN_SELF = YES;
				CLANG_WARN_OBJC_LITERAL_CONVERSION = YES;
				CLANG_WARN_OBJC_ROOT_CLASS = YES_ERROR;
				CLANG_WARN_QUOTED_INCLUDE_IN_FRAMEWORK_HEADER = YES;
				CLANG_WARN_RANGE_LOOP_ANALYSIS = YES;
				CLANG_WARN_STRICT_PROTOTYPES = YES;
				CLANG_WARN_SUSPICIOUS_MOVE = YES;
				CLANG_WARN_UNGUARDED_AVAILABILITY = YES_AGGRESSIVE;
				CLANG_WARN_UNREACHABLE_CODE = YES;
				CLANG_WARN__DUPLICATE_METHOD_MATCH = YES;
				COPY_PHASE_STRIP = NO;
				DEBUG_INFORMATION_FORMAT = dwarf;
				DEVELOPMENT_TEAM = 283HJ7VJR4;
				ENABLE_STRICT_OBJC_MSGSEND = YES;
				ENABLE_TESTABILITY = YES;
				ENABLE_USER_SCRIPT_SANDBOXING = YES;
				GCC_C_LANGUAGE_STANDARD = gnu17;
				GCC_DYNAMIC_NO_PIC = NO;
				GCC_NO_COMMON_BLOCKS = YES;
				GCC_OPTIMIZATION_LEVEL = 0;
				GCC_PREPROCESSOR_DEFINITIONS = (
					"DEBUG=1",
					"$(inherited)",
				);
				GCC_WARN_64_TO_32_BIT_CONVERSION = YES;
				GCC_WARN_ABOUT_RETURN_TYPE = YES_ERROR;
				GCC_WARN_UNDECLARED_SELECTOR = YES;
				GCC_WARN_UNINITIALIZED_AUTOS = YES_AGGRESSIVE;
				GCC_WARN_UNUSED_FUNCTION = YES;
				GCC_WARN_UNUSED_VARIABLE = YES;
				IPHONEOS_DEPLOYMENT_TARGET = 17.0;
				LOCALIZATION_PREFERS_STRING_CATALOGS = YES;
				MACOSX_DEPLOYMENT_TARGET = 14.0;
				MTL_ENABLE_DEBUG_INFO = INCLUDE_SOURCE;
				MTL_FAST_MATH = YES;
				ONLY_ACTIVE_ARCH = YES;
				SDKROOT = auto;
				SUPPORTED_PLATFORMS = "iphoneos iphonesimulator macosx";
				SWIFT_ACTIVE_COMPILATION_CONDITIONS = "DEBUG $(inherited)";
				SWIFT_OPTIMIZATION_LEVEL = "-Onone";
			};
			name = Debug;
		};
		C12EDDEF2ECCC76000996F9F /* Release */ = {
			isa = XCBuildConfiguration;
			buildSettings = {
				ALWAYS_SEARCH_USER_PATHS = NO;
				ASSETCATALOG_COMPILER_GENERATE_SWIFT_ASSET_SYMBOL_EXTENSIONS = YES;
				CLANG_ANALYZER_NONNULL = YES;
				CLANG_ANALYZER_NUMBER_OBJECT_CONVERSION = YES_AGGRESSIVE;
				CLANG_CXX_LANGUAGE_STANDARD = "gnu++20";
				CLANG_ENABLE_MODULES = YES;
				CLANG_ENABLE_OBJC_ARC = YES;
				CLANG_ENABLE_OBJC_WEAK = YES;
				CLANG_WARN_BLOCK_CAPTURE_AUTORELEASING = YES;
				CLANG_WARN_BOOL_CONVERSION = YES;
				CLANG_WARN_COMMA = YES;
				CLANG_WARN_CONSTANT_CONVERSION = YES;
				CLANG_WARN_DEPRECATED_OBJC_IMPLEMENTATIONS = YES;
				CLANG_WARN_DIRECT_OBJC_ISA_USAGE = YES_ERROR;
				CLANG_WARN_DOCUMENTATION_COMMENTS = YES;
				CLANG_WARN_EMPTY_BODY = YES;
				CLANG_WARN_ENUM_CONVERSION = YES;
				CLANG_WARN_INFINITE_RECURSION = YES;
				CLANG_WARN_INT_CONVERSION = YES;
				CLANG_WARN_NON_LITERAL_NULL_CONVERSION = YES;
				CLANG_WARN_OBJC_IMPLICIT_RETAIN_SELF = YES;
				CLANG_WARN_OBJC_LITERAL_CONVERSION = YES;
				CLANG_WARN_OBJC_ROOT_CLASS = YES_ERROR;
				CLANG_WARN_QUOTED_INCLUDE_IN_FRAMEWORK_HEADER = YES;
				CLANG_WARN_RANGE_LOOP_ANALYSIS = YES;
				CLANG_WARN_STRICT_PROTOTYPES = YES;
				CLANG_WARN_SUSPICIOUS_MOVE = YES;
				CLANG_WARN_UNGUARDED_AVAILABILITY = YES_AGGRESSIVE;
				CLANG_WARN_UNREACHABLE_CODE = YES;
				CLANG_WARN__DUPLICATE_METHOD_MATCH = YES;
				COPY_PHASE_STRIP = NO;
				DEBUG_INFORMATION_FORMAT = "dwarf-with-dsym";
				DEVELOPMENT_TEAM = 283HJ7VJR4;
				ENABLE_NS_ASSERTIONS = NO;
				ENABLE_STRICT_OBJC_MSGSEND = YES;
				ENABLE_USER_SCRIPT_SANDBOXING = YES;
				GCC_C_LANGUAGE_STANDARD = gnu17;
				GCC_NO_COMMON_BLOCKS = YES;
				GCC_WARN_64_TO_32_BIT_CONVERSION = YES;
				GCC_WARN_ABOUT_RETURN_TYPE = YES_ERROR;
				GCC_WARN_UNDECLARED_SELECTOR = YES;
				GCC_WARN_UNINITIALIZED_AUTOS = YES_AGGRESSIVE;
				GCC_WARN_UNUSED_FUNCTION = YES;
				GCC_WARN_UNUSED_VARIABLE = YES;
				IPHONEOS_DEPLOYMENT_TARGET = 17.0;
				LOCALIZATION_PREFERS_STRING_CATALOGS = YES;
				MACOSX_DEPLOYMENT_TARGET = 14.0;
				MTL_ENABLE_DEBUG_INFO = NO;
				MTL_FAST_MATH = YES;
				SDKROOT = auto;
				SUPPORTED_PLATFORMS = "iphoneos iphonesimulator macosx";
				SWIFT_COMPILATION_MODE = wholemodule;
				VALIDATE_PRODUCT = YES;
			};
			name = Release;
		};
		C12EDDF12ECCC76000996F9F /* Debug */ = {
			isa = XCBuildConfiguration;
			buildSettings = {
				BUNDLE_LOADER = "$(TEST_HOST)";
				CODE_SIGN_STYLE = Automatic;
				CURRENT_PROJECT_VERSION = 2115;
				DEVELOPMENT_TEAM = 283HJ7VJR4;
				GENERATE_INFOPLIST_FILE = YES;
				IPHONEOS_DEPLOYMENT_TARGET = 17.0;
				MARKETING_VERSION = 2025.11.27;
				PRODUCT_BUNDLE_IDENTIFIER = media.lander.kullTests;
				PRODUCT_NAME = "$(TARGET_NAME)";
				STRING_CATALOG_GENERATE_SYMBOLS = NO;
				SWIFT_APPROACHABLE_CONCURRENCY = YES;
				SWIFT_EMIT_LOC_STRINGS = NO;
				SWIFT_UPCOMING_FEATURE_MEMBER_IMPORT_VISIBILITY = YES;
				SWIFT_VERSION = 5.0;
				TARGETED_DEVICE_FAMILY = "1,2";
				TEST_HOST = "$(BUILT_PRODUCTS_DIR)/kull.app/$(BUNDLE_EXECUTABLE_FOLDER_PATH)/kull";
			};
			name = Debug;
		};
		C12EDDF22ECCC76000996F9F /* Release */ = {
			isa = XCBuildConfiguration;
			buildSettings = {
				BUNDLE_LOADER = "$(TEST_HOST)";
				CODE_SIGN_STYLE = Automatic;
				CURRENT_PROJECT_VERSION = 2115;
				DEVELOPMENT_TEAM = 283HJ7VJR4;
				GENERATE_INFOPLIST_FILE = YES;
				IPHONEOS_DEPLOYMENT_TARGET = 17.0;
				MARKETING_VERSION = 2025.11.27;
				PRODUCT_BUNDLE_IDENTIFIER = media.lander.kullTests;
				PRODUCT_NAME = "$(TARGET_NAME)";
				STRING_CATALOG_GENERATE_SYMBOLS = NO;
				SWIFT_APPROACHABLE_CONCURRENCY = YES;
				SWIFT_EMIT_LOC_STRINGS = NO;
				SWIFT_UPCOMING_FEATURE_MEMBER_IMPORT_VISIBILITY = YES;
				SWIFT_VERSION = 5.0;
				TARGETED_DEVICE_FAMILY = "1,2";
				TEST_HOST = "$(BUILT_PRODUCTS_DIR)/kull.app/$(BUNDLE_EXECUTABLE_FOLDER_PATH)/kull";
			};
			name = Release;
		};
		C12EDDF42ECCC76000996F9F /* Debug */ = {
			isa = XCBuildConfiguration;
			buildSettings = {
				CODE_SIGN_STYLE = Automatic;
				CURRENT_PROJECT_VERSION = 2115;
				DEVELOPMENT_TEAM = 283HJ7VJR4;
				GENERATE_INFOPLIST_FILE = YES;
				MARKETING_VERSION = 2025.11.27;
				PRODUCT_BUNDLE_IDENTIFIER = media.lander.kullUITests;
				PRODUCT_NAME = "$(TARGET_NAME)";
				STRING_CATALOG_GENERATE_SYMBOLS = NO;
				SWIFT_APPROACHABLE_CONCURRENCY = YES;
				SWIFT_EMIT_LOC_STRINGS = NO;
				SWIFT_UPCOMING_FEATURE_MEMBER_IMPORT_VISIBILITY = YES;
				SWIFT_VERSION = 5.0;
				TARGETED_DEVICE_FAMILY = "1,2";
				TEST_TARGET_NAME = kull;
			};
			name = Debug;
		};
		C12EDDF52ECCC76000996F9F /* Release */ = {
			isa = XCBuildConfiguration;
			buildSettings = {
				CODE_SIGN_STYLE = Automatic;
				CURRENT_PROJECT_VERSION = 2115;
				DEVELOPMENT_TEAM = 283HJ7VJR4;
				GENERATE_INFOPLIST_FILE = YES;
				MARKETING_VERSION = 2025.11.27;
				PRODUCT_BUNDLE_IDENTIFIER = media.lander.kullUITests;
				PRODUCT_NAME = "$(TARGET_NAME)";
				STRING_CATALOG_GENERATE_SYMBOLS = NO;
				SWIFT_APPROACHABLE_CONCURRENCY = YES;
				SWIFT_EMIT_LOC_STRINGS = NO;
				SWIFT_UPCOMING_FEATURE_MEMBER_IMPORT_VISIBILITY = YES;
				SWIFT_VERSION = 5.0;
				TARGETED_DEVICE_FAMILY = "1,2";
				TEST_TARGET_NAME = kull;
			};
			name = Release;
		};
/* End XCBuildConfiguration section */

/* Begin XCConfigurationList section */
		C12EDDBF2ECCC75D00996F9F /* Build configuration list for PBXProject "kull" */ = {
			isa = XCConfigurationList;
			buildConfigurations = (
				C12EDDEE2ECCC76000996F9F /* Debug */,
				C12EDDEF2ECCC76000996F9F /* Release */,
			);
			defaultConfigurationIsVisible = 0;
			defaultConfigurationName = Release;
		};
		C12EDDEB2ECCC76000996F9F /* Build configuration list for PBXNativeTarget "kull" */ = {
			isa = XCConfigurationList;
			buildConfigurations = (
				C12EDDEC2ECCC76000996F9F /* Debug */,
				C12EDDED2ECCC76000996F9F /* Release */,
			);
			defaultConfigurationIsVisible = 0;
			defaultConfigurationName = Release;
		};
		C12EDDF02ECCC76000996F9F /* Build configuration list for PBXNativeTarget "kullTests" */ = {
			isa = XCConfigurationList;
			buildConfigurations = (
				C12EDDF12ECCC76000996F9F /* Debug */,
				C12EDDF22ECCC76000996F9F /* Release */,
			);
			defaultConfigurationIsVisible = 0;
			defaultConfigurationName = Release;
		};
		C12EDDF32ECCC76000996F9F /* Build configuration list for PBXNativeTarget "kullUITests" */ = {
			isa = XCConfigurationList;
			buildConfigurations = (
				C12EDDF42ECCC76000996F9F /* Debug */,
				C12EDDF52ECCC76000996F9F /* Release */,
			);
			defaultConfigurationIsVisible = 0;
			defaultConfigurationName = Release;
		};
/* End XCConfigurationList section */
	};
	rootObject = C12EDDBC2ECCC75D00996F9F /* Project object */;
}
